
Microsoft Visual Studio Solution File, Format Version 12.00
# Visual Studio 14
VisualStudioVersion = 14.0.23107.0
MinimumVisualStudioVersion = 10.0.40219.1
Project("{8BC9CEB8-8B4A-11D0-8D11-00A0C91BC942}") = "RSL", "RSL\src\dll\RSL.vcxproj", "{329A4C6F-E0E1-48B3-84DB-A6168C61D895}"
EndProject
Project("{8BC9CEB8-8B4A-11D0-8D11-00A0C91BC942}") = "RSLib_Common", "common\src\RSLib_Common.vcxproj", "{32AE7413-9F0C-4E5D-87D7-F1CCEA8DC805}"
EndProject
Project("{8BC9CEB8-8B4A-11D0-8D11-00A0C91BC942}") = "RSLib_LF", "LF\RSLib_LF.vcxproj", "{C1F3E581-9AB1-4873-A5D2-1C7D9A4D8DA5}"
EndProject
Project("{8BC9CEB8-8B4A-11D0-8D11-00A0C91BC942}") = "RSLib", "lib\RSLib.vcxproj", "{828D388E-12C5-4E8A-9DAF-11FC42161C49}"
EndProject
Project("{8BC9CEB8-8B4A-11D0-8D11-00A0C91BC942}") = "RSLib_Network", "NetworkLib\src\RSLib_Network.vcxproj", "{28891004-80F9-4859-9994-8419CD2C515D}"
EndProject
Project("{8BC9CEB8-8B4A-11D0-8D11-00A0C91BC942}") = "ManagedRSLib", "RSL\ManagedSrc\Lib\ManagedRSLib.vcxproj", "{17EB1580-2E74-4021-AC91-B21502C37375}"
EndProject
Project("{FAE04EC0-301F-11D3-BF4B-00C04F79EFBC}") = "ManagedNetTest", "RSL\ManagedSrc\ManagedNetTest\ManagedNetTest.csproj", "{B7C0F1CC-8F14-4E2B-A0D9-936D5301B5A5}"
EndProject
Project("{FAE04EC0-301F-11D3-BF4B-00C04F79EFBC}") = "RSLStressTest", "RSL\ManagedSrc\RslStressTest\RSLStressTest.csproj", "{7781109C-C629-4314-98AD-1D5B1A27F600}"
EndProject
Project("{FAE04EC0-301F-11D3-BF4B-00C04F79EFBC}") = "SampleApp", "RSL\ManagedSrc\SampleApp\SampleApp.csproj", "{F41A7FB4-3239-4B8B-B590-F8BFEAB2F789}"
EndProject
Project("{FAE04EC0-301F-11D3-BF4B-00C04F79EFBC}") = "StressApp", "RSL\ManagedSrc\StressApp\StressApp.csproj", "{F41A7FB4-3239-4B8B-B590-F8BFEAB2F444}"
EndProject
Project("{FAE04EC0-301F-11D3-BF4B-00C04F79EFBC}") = "ManagedRSLBasicTest", "RSL\ManagedSrc\TestLib\ManagedRSLBasicTest.csproj", "{8A49D07B-3EEA-4F63-8213-D20575796BD9}"
EndProject
Project("{8BC9CEB8-8B4A-11D0-8D11-00A0C91BC942}") = "RSLibImpl", "RSL\src\lib\RSLibImpl.vcxproj", "{7EC28EFA-B156-49A5-A1EF-646B9C954A3A}"
EndProject
Project("{8BC9CEB8-8B4A-11D0-8D11-00A0C91BC942}") = "RSLNetTest", "RSL\UnitTest\RslMigration\NetTest\RSLNetTest.vcxproj", "{A8B9C539-ADC0-49C3-9780-DFB975A8419B}"
EndProject
Project("{8BC9CEB8-8B4A-11D0-8D11-00A0C91BC942}") = "TestHarness", "RSL\UnitTest\RslMigration\TestHarness\TestHarness.vcxproj", "{E3F84858-2B94-41F1-86F4-1D092468CA73}"
EndProject
Project("{8BC9CEB8-8B4A-11D0-8D11-00A0C91BC942}") = "RslTest", "RSL\UnitTest\RslStateMachine\RslTest.vcxproj", "{B119FB63-68A7-40FB-856E-781CA4483CF3}"
EndProject
Project("{8BC9CEB8-8B4A-11D0-8D11-00A0C91BC942}") = "RSLib_UnitTest", "UnitTest\src\RSLib_UnitTest.vcxproj", "{DAC80593-F046-4E99-8F82-5B8F8DA6B10F}"
EndProject
Project("{8BC9CEB8-8B4A-11D0-8D11-00A0C91BC942}") = "RSLSslTest", "RSL\UnitTest\SslPlumbing\Test\RSLSslTest.vcxproj", "{A8B9C539-ADC0-49C3-9780-DFB975A82222}"
EndProject
Global
	GlobalSection(SolutionConfigurationPlatforms) = preSolution
		Debug|amd64 = Debug|amd64
		Debug|Any CPU = Debug|Any CPU
		Debug|ARM = Debug|ARM
		Debug|Itanium = Debug|Itanium
		Debug|Win32 = Debug|Win32
		Debug|x64 = Debug|x64
		Debug|x86 = Debug|x86
		Release|amd64 = Release|amd64
		Release|Any CPU = Release|Any CPU
		Release|ARM = Release|ARM
		Release|Itanium = Release|Itanium
		Release|Win32 = Release|Win32
		Release|x64 = Release|x64
		Release|x86 = Release|x86
	EndGlobalSection
	GlobalSection(ProjectConfigurationPlatforms) = postSolution
		{329A4C6F-E0E1-48B3-84DB-A6168C61D895}.Debug|amd64.ActiveCfg = Debug|Win32
		{329A4C6F-E0E1-48B3-84DB-A6168C61D895}.Debug|Any CPU.ActiveCfg = Debug|Win32
		{329A4C6F-E0E1-48B3-84DB-A6168C61D895}.Debug|ARM.ActiveCfg = Debug|ARM
		{329A4C6F-E0E1-48B3-84DB-A6168C61D895}.Debug|ARM.Build.0 = Debug|ARM
		{329A4C6F-E0E1-48B3-84DB-A6168C61D895}.Debug|Itanium.ActiveCfg = Debug|Win32
		{329A4C6F-E0E1-48B3-84DB-A6168C61D895}.Debug|Win32.ActiveCfg = Debug|Win32
		{329A4C6F-E0E1-48B3-84DB-A6168C61D895}.Debug|Win32.Build.0 = Debug|Win32
		{329A4C6F-E0E1-48B3-84DB-A6168C61D895}.Debug|x64.ActiveCfg = Debug|x64
		{329A4C6F-E0E1-48B3-84DB-A6168C61D895}.Debug|x64.Build.0 = Debug|x64
		{329A4C6F-E0E1-48B3-84DB-A6168C61D895}.Debug|x86.ActiveCfg = Debug|Win32
		{329A4C6F-E0E1-48B3-84DB-A6168C61D895}.Debug|x86.Build.0 = Debug|Win32
		{329A4C6F-E0E1-48B3-84DB-A6168C61D895}.Release|amd64.ActiveCfg = Release|Win32
		{329A4C6F-E0E1-48B3-84DB-A6168C61D895}.Release|Any CPU.ActiveCfg = Release|Win32
		{329A4C6F-E0E1-48B3-84DB-A6168C61D895}.Release|ARM.ActiveCfg = Release|ARM
		{329A4C6F-E0E1-48B3-84DB-A6168C61D895}.Release|ARM.Build.0 = Release|ARM
		{329A4C6F-E0E1-48B3-84DB-A6168C61D895}.Release|Itanium.ActiveCfg = Release|Win32
		{329A4C6F-E0E1-48B3-84DB-A6168C61D895}.Release|Win32.ActiveCfg = Release|Win32
		{329A4C6F-E0E1-48B3-84DB-A6168C61D895}.Release|Win32.Build.0 = Release|Win32
		{329A4C6F-E0E1-48B3-84DB-A6168C61D895}.Release|x64.ActiveCfg = Release|x64
		{329A4C6F-E0E1-48B3-84DB-A6168C61D895}.Release|x64.Build.0 = Release|x64
		{329A4C6F-E0E1-48B3-84DB-A6168C61D895}.Release|x86.ActiveCfg = Release|Win32
		{329A4C6F-E0E1-48B3-84DB-A6168C61D895}.Release|x86.Build.0 = Release|Win32
		{32AE7413-9F0C-4E5D-87D7-F1CCEA8DC805}.Debug|amd64.ActiveCfg = Debug|Win32
		{32AE7413-9F0C-4E5D-87D7-F1CCEA8DC805}.Debug|Any CPU.ActiveCfg = Debug|Win32
		{32AE7413-9F0C-4E5D-87D7-F1CCEA8DC805}.Debug|ARM.ActiveCfg = Debug|ARM
		{32AE7413-9F0C-4E5D-87D7-F1CCEA8DC805}.Debug|ARM.Build.0 = Debug|ARM
		{32AE7413-9F0C-4E5D-87D7-F1CCEA8DC805}.Debug|Itanium.ActiveCfg = Debug|Win32
		{32AE7413-9F0C-4E5D-87D7-F1CCEA8DC805}.Debug|Win32.ActiveCfg = Debug|Win32
		{32AE7413-9F0C-4E5D-87D7-F1CCEA8DC805}.Debug|Win32.Build.0 = Debug|Win32
		{32AE7413-9F0C-4E5D-87D7-F1CCEA8DC805}.Debug|x64.ActiveCfg = Debug|x64
		{32AE7413-9F0C-4E5D-87D7-F1CCEA8DC805}.Debug|x64.Build.0 = Debug|x64
		{32AE7413-9F0C-4E5D-87D7-F1CCEA8DC805}.Debug|x86.ActiveCfg = Debug|Win32
		{32AE7413-9F0C-4E5D-87D7-F1CCEA8DC805}.Debug|x86.Build.0 = Debug|Win32
		{32AE7413-9F0C-4E5D-87D7-F1CCEA8DC805}.Release|amd64.ActiveCfg = Release|Win32
		{32AE7413-9F0C-4E5D-87D7-F1CCEA8DC805}.Release|Any CPU.ActiveCfg = Release|Win32
		{32AE7413-9F0C-4E5D-87D7-F1CCEA8DC805}.Release|ARM.ActiveCfg = Release|ARM
		{32AE7413-9F0C-4E5D-87D7-F1CCEA8DC805}.Release|ARM.Build.0 = Release|ARM
		{32AE7413-9F0C-4E5D-87D7-F1CCEA8DC805}.Release|Itanium.ActiveCfg = Release|Win32
		{32AE7413-9F0C-4E5D-87D7-F1CCEA8DC805}.Release|Win32.ActiveCfg = Release|Win32
		{32AE7413-9F0C-4E5D-87D7-F1CCEA8DC805}.Release|Win32.Build.0 = Release|Win32
		{32AE7413-9F0C-4E5D-87D7-F1CCEA8DC805}.Release|x64.ActiveCfg = Release|x64
		{32AE7413-9F0C-4E5D-87D7-F1CCEA8DC805}.Release|x64.Build.0 = Release|x64
		{32AE7413-9F0C-4E5D-87D7-F1CCEA8DC805}.Release|x86.ActiveCfg = Release|Win32
		{32AE7413-9F0C-4E5D-87D7-F1CCEA8DC805}.Release|x86.Build.0 = Release|Win32
		{C1F3E581-9AB1-4873-A5D2-1C7D9A4D8DA5}.Debug|amd64.ActiveCfg = Debug|Win32
		{C1F3E581-9AB1-4873-A5D2-1C7D9A4D8DA5}.Debug|Any CPU.ActiveCfg = Debug|Win32
		{C1F3E581-9AB1-4873-A5D2-1C7D9A4D8DA5}.Debug|ARM.ActiveCfg = Debug|ARM
		{C1F3E581-9AB1-4873-A5D2-1C7D9A4D8DA5}.Debug|ARM.Build.0 = Debug|ARM
		{C1F3E581-9AB1-4873-A5D2-1C7D9A4D8DA5}.Debug|Itanium.ActiveCfg = Debug|Win32
		{C1F3E581-9AB1-4873-A5D2-1C7D9A4D8DA5}.Debug|Win32.ActiveCfg = Debug|Win32
		{C1F3E581-9AB1-4873-A5D2-1C7D9A4D8DA5}.Debug|Win32.Build.0 = Debug|Win32
		{C1F3E581-9AB1-4873-A5D2-1C7D9A4D8DA5}.Debug|x64.ActiveCfg = Debug|x64
		{C1F3E581-9AB1-4873-A5D2-1C7D9A4D8DA5}.Debug|x64.Build.0 = Debug|x64
		{C1F3E581-9AB1-4873-A5D2-1C7D9A4D8DA5}.Debug|x86.ActiveCfg = Debug|Win32
		{C1F3E581-9AB1-4873-A5D2-1C7D9A4D8DA5}.Debug|x86.Build.0 = Debug|Win32
		{C1F3E581-9AB1-4873-A5D2-1C7D9A4D8DA5}.Release|amd64.ActiveCfg = Release|Win32
		{C1F3E581-9AB1-4873-A5D2-1C7D9A4D8DA5}.Release|Any CPU.ActiveCfg = Release|Win32
		{C1F3E581-9AB1-4873-A5D2-1C7D9A4D8DA5}.Release|ARM.ActiveCfg = Release|ARM
		{C1F3E581-9AB1-4873-A5D2-1C7D9A4D8DA5}.Release|ARM.Build.0 = Release|ARM
		{C1F3E581-9AB1-4873-A5D2-1C7D9A4D8DA5}.Release|Itanium.ActiveCfg = Release|Win32
		{C1F3E581-9AB1-4873-A5D2-1C7D9A4D8DA5}.Release|Win32.ActiveCfg = Release|Win32
		{C1F3E581-9AB1-4873-A5D2-1C7D9A4D8DA5}.Release|Win32.Build.0 = Release|Win32
		{C1F3E581-9AB1-4873-A5D2-1C7D9A4D8DA5}.Release|x64.ActiveCfg = Release|x64
		{C1F3E581-9AB1-4873-A5D2-1C7D9A4D8DA5}.Release|x64.Build.0 = Release|x64
		{C1F3E581-9AB1-4873-A5D2-1C7D9A4D8DA5}.Release|x86.ActiveCfg = Release|Win32
		{C1F3E581-9AB1-4873-A5D2-1C7D9A4D8DA5}.Release|x86.Build.0 = Release|Win32
		{828D388E-12C5-4E8A-9DAF-11FC42161C49}.Debug|amd64.ActiveCfg = Debug|Win32
		{828D388E-12C5-4E8A-9DAF-11FC42161C49}.Debug|Any CPU.ActiveCfg = Debug|Win32
		{828D388E-12C5-4E8A-9DAF-11FC42161C49}.Debug|ARM.ActiveCfg = Debug|ARM
		{828D388E-12C5-4E8A-9DAF-11FC42161C49}.Debug|ARM.Build.0 = Debug|ARM
		{828D388E-12C5-4E8A-9DAF-11FC42161C49}.Debug|Itanium.ActiveCfg = Debug|Win32
		{828D388E-12C5-4E8A-9DAF-11FC42161C49}.Debug|Win32.ActiveCfg = Debug|Win32
		{828D388E-12C5-4E8A-9DAF-11FC42161C49}.Debug|Win32.Build.0 = Debug|Win32
		{828D388E-12C5-4E8A-9DAF-11FC42161C49}.Debug|x64.ActiveCfg = Debug|x64
		{828D388E-12C5-4E8A-9DAF-11FC42161C49}.Debug|x64.Build.0 = Debug|x64
		{828D388E-12C5-4E8A-9DAF-11FC42161C49}.Debug|x86.ActiveCfg = Debug|Win32
		{828D388E-12C5-4E8A-9DAF-11FC42161C49}.Debug|x86.Build.0 = Debug|Win32
		{828D388E-12C5-4E8A-9DAF-11FC42161C49}.Release|amd64.ActiveCfg = Release|Win32
		{828D388E-12C5-4E8A-9DAF-11FC42161C49}.Release|Any CPU.ActiveCfg = Release|Win32
		{828D388E-12C5-4E8A-9DAF-11FC42161C49}.Release|ARM.ActiveCfg = Release|ARM
		{828D388E-12C5-4E8A-9DAF-11FC42161C49}.Release|ARM.Build.0 = Release|ARM
		{828D388E-12C5-4E8A-9DAF-11FC42161C49}.Release|Itanium.ActiveCfg = Release|Win32
		{828D388E-12C5-4E8A-9DAF-11FC42161C49}.Release|Win32.ActiveCfg = Release|Win32
		{828D388E-12C5-4E8A-9DAF-11FC42161C49}.Release|Win32.Build.0 = Release|Win32
		{828D388E-12C5-4E8A-9DAF-11FC42161C49}.Release|x64.ActiveCfg = Release|x64
		{828D388E-12C5-4E8A-9DAF-11FC42161C49}.Release|x64.Build.0 = Release|x64
		{828D388E-12C5-4E8A-9DAF-11FC42161C49}.Release|x86.ActiveCfg = Release|Win32
		{828D388E-12C5-4E8A-9DAF-11FC42161C49}.Release|x86.Build.0 = Release|Win32
		{28891004-80F9-4859-9994-8419CD2C515D}.Debug|amd64.ActiveCfg = Debug|Win32
		{28891004-80F9-4859-9994-8419CD2C515D}.Debug|Any CPU.ActiveCfg = Debug|Win32
		{28891004-80F9-4859-9994-8419CD2C515D}.Debug|ARM.ActiveCfg = Debug|ARM
		{28891004-80F9-4859-9994-8419CD2C515D}.Debug|ARM.Build.0 = Debug|ARM
		{28891004-80F9-4859-9994-8419CD2C515D}.Debug|Itanium.ActiveCfg = Debug|Win32
		{28891004-80F9-4859-9994-8419CD2C515D}.Debug|Win32.ActiveCfg = Debug|Win32
		{28891004-80F9-4859-9994-8419CD2C515D}.Debug|Win32.Build.0 = Debug|Win32
		{28891004-80F9-4859-9994-8419CD2C515D}.Debug|x64.ActiveCfg = Debug|x64
		{28891004-80F9-4859-9994-8419CD2C515D}.Debug|x64.Build.0 = Debug|x64
		{28891004-80F9-4859-9994-8419CD2C515D}.Debug|x86.ActiveCfg = Debug|Win32
		{28891004-80F9-4859-9994-8419CD2C515D}.Debug|x86.Build.0 = Debug|Win32
		{28891004-80F9-4859-9994-8419CD2C515D}.Release|amd64.ActiveCfg = Release|Win32
		{28891004-80F9-4859-9994-8419CD2C515D}.Release|Any CPU.ActiveCfg = Release|Win32
		{28891004-80F9-4859-9994-8419CD2C515D}.Release|ARM.ActiveCfg = Release|ARM
		{28891004-80F9-4859-9994-8419CD2C515D}.Release|ARM.Build.0 = Release|ARM
		{28891004-80F9-4859-9994-8419CD2C515D}.Release|Itanium.ActiveCfg = Release|Win32
		{28891004-80F9-4859-9994-8419CD2C515D}.Release|Win32.ActiveCfg = Release|Win32
		{28891004-80F9-4859-9994-8419CD2C515D}.Release|Win32.Build.0 = Release|Win32
		{28891004-80F9-4859-9994-8419CD2C515D}.Release|x64.ActiveCfg = Release|x64
		{28891004-80F9-4859-9994-8419CD2C515D}.Release|x64.Build.0 = Release|x64
		{28891004-80F9-4859-9994-8419CD2C515D}.Release|x86.ActiveCfg = Release|Win32
		{28891004-80F9-4859-9994-8419CD2C515D}.Release|x86.Build.0 = Release|Win32
		{17EB1580-2E74-4021-AC91-B21502C37375}.Debug|amd64.ActiveCfg = Debug|Win32
		{17EB1580-2E74-4021-AC91-B21502C37375}.Debug|Any CPU.ActiveCfg = Debug|Win32
		{17EB1580-2E74-4021-AC91-B21502C37375}.Debug|ARM.ActiveCfg = Debug|ARM
		{17EB1580-2E74-4021-AC91-B21502C37375}.Debug|ARM.Build.0 = Debug|ARM
		{17EB1580-2E74-4021-AC91-B21502C37375}.Debug|Itanium.ActiveCfg = Debug|Win32
		{17EB1580-2E74-4021-AC91-B21502C37375}.Debug|Win32.ActiveCfg = Debug|Win32
		{17EB1580-2E74-4021-AC91-B21502C37375}.Debug|Win32.Build.0 = Debug|Win32
		{17EB1580-2E74-4021-AC91-B21502C37375}.Debug|x64.ActiveCfg = Debug|x64
		{17EB1580-2E74-4021-AC91-B21502C37375}.Debug|x64.Build.0 = Debug|x64
		{17EB1580-2E74-4021-AC91-B21502C37375}.Debug|x86.ActiveCfg = Debug|Win32
		{17EB1580-2E74-4021-AC91-B21502C37375}.Debug|x86.Build.0 = Debug|Win32
		{17EB1580-2E74-4021-AC91-B21502C37375}.Release|amd64.ActiveCfg = Release|Win32
		{17EB1580-2E74-4021-AC91-B21502C37375}.Release|Any CPU.ActiveCfg = Release|Win32
		{17EB1580-2E74-4021-AC91-B21502C37375}.Release|ARM.ActiveCfg = Release|ARM
		{17EB1580-2E74-4021-AC91-B21502C37375}.Release|ARM.Build.0 = Release|ARM
		{17EB1580-2E74-4021-AC91-B21502C37375}.Release|Itanium.ActiveCfg = Release|Win32
		{17EB1580-2E74-4021-AC91-B21502C37375}.Release|Win32.ActiveCfg = Release|Win32
		{17EB1580-2E74-4021-AC91-B21502C37375}.Release|Win32.Build.0 = Release|Win32
		{17EB1580-2E74-4021-AC91-B21502C37375}.Release|x64.ActiveCfg = Release|x64
		{17EB1580-2E74-4021-AC91-B21502C37375}.Release|x64.Build.0 = Release|x64
		{17EB1580-2E74-4021-AC91-B21502C37375}.Release|x86.ActiveCfg = Release|Win32
		{17EB1580-2E74-4021-AC91-B21502C37375}.Release|x86.Build.0 = Release|Win32
		{B7C0F1CC-8F14-4E2B-A0D9-936D5301B5A5}.Debug|amd64.ActiveCfg = Debug|amd64
		{B7C0F1CC-8F14-4E2B-A0D9-936D5301B5A5}.Debug|amd64.Build.0 = Debug|amd64
		{B7C0F1CC-8F14-4E2B-A0D9-936D5301B5A5}.Debug|Any CPU.ActiveCfg = Debug|Any CPU
		{B7C0F1CC-8F14-4E2B-A0D9-936D5301B5A5}.Debug|Any CPU.Build.0 = Debug|Any CPU
		{B7C0F1CC-8F14-4E2B-A0D9-936D5301B5A5}.Debug|ARM.ActiveCfg = Debug|Any CPU
		{B7C0F1CC-8F14-4E2B-A0D9-936D5301B5A5}.Debug|Itanium.ActiveCfg = Debug|Itanium
		{B7C0F1CC-8F14-4E2B-A0D9-936D5301B5A5}.Debug|Itanium.Build.0 = Debug|Itanium
		{B7C0F1CC-8F14-4E2B-A0D9-936D5301B5A5}.Debug|Win32.ActiveCfg = Debug|Win32
		{B7C0F1CC-8F14-4E2B-A0D9-936D5301B5A5}.Debug|Win32.Build.0 = Debug|Win32
		{B7C0F1CC-8F14-4E2B-A0D9-936D5301B5A5}.Debug|x64.ActiveCfg = Debug|x64
		{B7C0F1CC-8F14-4E2B-A0D9-936D5301B5A5}.Debug|x64.Build.0 = Debug|x64
		{B7C0F1CC-8F14-4E2B-A0D9-936D5301B5A5}.Debug|x86.ActiveCfg = Debug|x86
		{B7C0F1CC-8F14-4E2B-A0D9-936D5301B5A5}.Debug|x86.Build.0 = Debug|x86
		{B7C0F1CC-8F14-4E2B-A0D9-936D5301B5A5}.Release|amd64.ActiveCfg = Release|amd64
		{B7C0F1CC-8F14-4E2B-A0D9-936D5301B5A5}.Release|amd64.Build.0 = Release|amd64
		{B7C0F1CC-8F14-4E2B-A0D9-936D5301B5A5}.Release|Any CPU.ActiveCfg = Release|Any CPU
		{B7C0F1CC-8F14-4E2B-A0D9-936D5301B5A5}.Release|Any CPU.Build.0 = Release|Any CPU
		{B7C0F1CC-8F14-4E2B-A0D9-936D5301B5A5}.Release|ARM.ActiveCfg = Release|Any CPU
		{B7C0F1CC-8F14-4E2B-A0D9-936D5301B5A5}.Release|Itanium.ActiveCfg = Release|Itanium
		{B7C0F1CC-8F14-4E2B-A0D9-936D5301B5A5}.Release|Itanium.Build.0 = Release|Itanium
		{B7C0F1CC-8F14-4E2B-A0D9-936D5301B5A5}.Release|Win32.ActiveCfg = Release|Win32
		{B7C0F1CC-8F14-4E2B-A0D9-936D5301B5A5}.Release|Win32.Build.0 = Release|Win32
		{B7C0F1CC-8F14-4E2B-A0D9-936D5301B5A5}.Release|x64.ActiveCfg = Release|x64
		{B7C0F1CC-8F14-4E2B-A0D9-936D5301B5A5}.Release|x64.Build.0 = Release|x64
		{B7C0F1CC-8F14-4E2B-A0D9-936D5301B5A5}.Release|x86.ActiveCfg = Release|x86
		{B7C0F1CC-8F14-4E2B-A0D9-936D5301B5A5}.Release|x86.Build.0 = Release|x86
		{7781109C-C629-4314-98AD-1D5B1A27F600}.Debug|amd64.ActiveCfg = Debug|amd64
		{7781109C-C629-4314-98AD-1D5B1A27F600}.Debug|amd64.Build.0 = Debug|amd64
		{7781109C-C629-4314-98AD-1D5B1A27F600}.Debug|Any CPU.ActiveCfg = Debug|Any CPU
		{7781109C-C629-4314-98AD-1D5B1A27F600}.Debug|Any CPU.Build.0 = Debug|Any CPU
		{7781109C-C629-4314-98AD-1D5B1A27F600}.Debug|ARM.ActiveCfg = Debug|Any CPU
		{7781109C-C629-4314-98AD-1D5B1A27F600}.Debug|Itanium.ActiveCfg = Debug|Itanium
		{7781109C-C629-4314-98AD-1D5B1A27F600}.Debug|Itanium.Build.0 = Debug|Itanium
		{7781109C-C629-4314-98AD-1D5B1A27F600}.Debug|Win32.ActiveCfg = Debug|Win32
		{7781109C-C629-4314-98AD-1D5B1A27F600}.Debug|Win32.Build.0 = Debug|Win32
		{7781109C-C629-4314-98AD-1D5B1A27F600}.Debug|x64.ActiveCfg = Debug|x64
		{7781109C-C629-4314-98AD-1D5B1A27F600}.Debug|x64.Build.0 = Debug|x64
		{7781109C-C629-4314-98AD-1D5B1A27F600}.Debug|x86.ActiveCfg = Debug|x86
		{7781109C-C629-4314-98AD-1D5B1A27F600}.Debug|x86.Build.0 = Debug|x86
		{7781109C-C629-4314-98AD-1D5B1A27F600}.Release|amd64.ActiveCfg = Release|amd64
		{7781109C-C629-4314-98AD-1D5B1A27F600}.Release|amd64.Build.0 = Release|amd64
		{7781109C-C629-4314-98AD-1D5B1A27F600}.Release|Any CPU.ActiveCfg = Release|Any CPU
		{7781109C-C629-4314-98AD-1D5B1A27F600}.Release|Any CPU.Build.0 = Release|Any CPU
		{7781109C-C629-4314-98AD-1D5B1A27F600}.Release|ARM.ActiveCfg = Release|Any CPU
		{7781109C-C629-4314-98AD-1D5B1A27F600}.Release|Itanium.ActiveCfg = Release|Itanium
		{7781109C-C629-4314-98AD-1D5B1A27F600}.Release|Itanium.Build.0 = Release|Itanium
		{7781109C-C629-4314-98AD-1D5B1A27F600}.Release|Win32.ActiveCfg = Release|Win32
		{7781109C-C629-4314-98AD-1D5B1A27F600}.Release|Win32.Build.0 = Release|Win32
		{7781109C-C629-4314-98AD-1D5B1A27F600}.Release|x64.ActiveCfg = Release|x64
		{7781109C-C629-4314-98AD-1D5B1A27F600}.Release|x64.Build.0 = Release|x64
		{7781109C-C629-4314-98AD-1D5B1A27F600}.Release|x86.ActiveCfg = Release|x86
		{7781109C-C629-4314-98AD-1D5B1A27F600}.Release|x86.Build.0 = Release|x86
		{F41A7FB4-3239-4B8B-B590-F8BFEAB2F789}.Debug|amd64.ActiveCfg = Debug|amd64
		{F41A7FB4-3239-4B8B-B590-F8BFEAB2F789}.Debug|amd64.Build.0 = Debug|amd64
		{F41A7FB4-3239-4B8B-B590-F8BFEAB2F789}.Debug|Any CPU.ActiveCfg = Debug|Any CPU
		{F41A7FB4-3239-4B8B-B590-F8BFEAB2F789}.Debug|Any CPU.Build.0 = Debug|Any CPU
		{F41A7FB4-3239-4B8B-B590-F8BFEAB2F789}.Debug|ARM.ActiveCfg = Debug|Any CPU
		{F41A7FB4-3239-4B8B-B590-F8BFEAB2F789}.Debug|Itanium.ActiveCfg = Debug|Itanium
		{F41A7FB4-3239-4B8B-B590-F8BFEAB2F789}.Debug|Itanium.Build.0 = Debug|Itanium
		{F41A7FB4-3239-4B8B-B590-F8BFEAB2F789}.Debug|Win32.ActiveCfg = Debug|Win32
		{F41A7FB4-3239-4B8B-B590-F8BFEAB2F789}.Debug|Win32.Build.0 = Debug|Win32
		{F41A7FB4-3239-4B8B-B590-F8BFEAB2F789}.Debug|x64.ActiveCfg = Debug|x64
		{F41A7FB4-3239-4B8B-B590-F8BFEAB2F789}.Debug|x64.Build.0 = Debug|x64
		{F41A7FB4-3239-4B8B-B590-F8BFEAB2F789}.Debug|x86.ActiveCfg = Debug|x86
		{F41A7FB4-3239-4B8B-B590-F8BFEAB2F789}.Debug|x86.Build.0 = Debug|x86
		{F41A7FB4-3239-4B8B-B590-F8BFEAB2F789}.Release|amd64.ActiveCfg = Release|amd64
		{F41A7FB4-3239-4B8B-B590-F8BFEAB2F789}.Release|amd64.Build.0 = Release|amd64
		{F41A7FB4-3239-4B8B-B590-F8BFEAB2F789}.Release|Any CPU.ActiveCfg = Release|Any CPU
		{F41A7FB4-3239-4B8B-B590-F8BFEAB2F789}.Release|Any CPU.Build.0 = Release|Any CPU
		{F41A7FB4-3239-4B8B-B590-F8BFEAB2F789}.Release|ARM.ActiveCfg = Release|Any CPU
		{F41A7FB4-3239-4B8B-B590-F8BFEAB2F789}.Release|Itanium.ActiveCfg = Release|Itanium
		{F41A7FB4-3239-4B8B-B590-F8BFEAB2F789}.Release|Itanium.Build.0 = Release|Itanium
		{F41A7FB4-3239-4B8B-B590-F8BFEAB2F789}.Release|Win32.ActiveCfg = Release|Win32
		{F41A7FB4-3239-4B8B-B590-F8BFEAB2F789}.Release|Win32.Build.0 = Release|Win32
		{F41A7FB4-3239-4B8B-B590-F8BFEAB2F789}.Release|x64.ActiveCfg = Release|x64
		{F41A7FB4-3239-4B8B-B590-F8BFEAB2F789}.Release|x64.Build.0 = Release|x64
		{F41A7FB4-3239-4B8B-B590-F8BFEAB2F789}.Release|x86.ActiveCfg = Release|x86
		{F41A7FB4-3239-4B8B-B590-F8BFEAB2F789}.Release|x86.Build.0 = Release|x86
		{F41A7FB4-3239-4B8B-B590-F8BFEAB2F444}.Debug|amd64.ActiveCfg = Debug|amd64
		{F41A7FB4-3239-4B8B-B590-F8BFEAB2F444}.Debug|amd64.Build.0 = Debug|amd64
		{F41A7FB4-3239-4B8B-B590-F8BFEAB2F444}.Debug|Any CPU.ActiveCfg = Debug|Any CPU
		{F41A7FB4-3239-4B8B-B590-F8BFEAB2F444}.Debug|Any CPU.Build.0 = Debug|Any CPU
		{F41A7FB4-3239-4B8B-B590-F8BFEAB2F444}.Debug|ARM.ActiveCfg = Debug|Any CPU
		{F41A7FB4-3239-4B8B-B590-F8BFEAB2F444}.Debug|Itanium.ActiveCfg = Debug|Itanium
		{F41A7FB4-3239-4B8B-B590-F8BFEAB2F444}.Debug|Itanium.Build.0 = Debug|Itanium
		{F41A7FB4-3239-4B8B-B590-F8BFEAB2F444}.Debug|Win32.ActiveCfg = Debug|Win32
		{F41A7FB4-3239-4B8B-B590-F8BFEAB2F444}.Debug|Win32.Build.0 = Debug|Win32
		{F41A7FB4-3239-4B8B-B590-F8BFEAB2F444}.Debug|x64.ActiveCfg = Debug|x64
		{F41A7FB4-3239-4B8B-B590-F8BFEAB2F444}.Debug|x64.Build.0 = Debug|x64
		{F41A7FB4-3239-4B8B-B590-F8BFEAB2F444}.Debug|x86.ActiveCfg = Debug|x86
		{F41A7FB4-3239-4B8B-B590-F8BFEAB2F444}.Debug|x86.Build.0 = Debug|x86
		{F41A7FB4-3239-4B8B-B590-F8BFEAB2F444}.Release|amd64.ActiveCfg = Release|amd64
		{F41A7FB4-3239-4B8B-B590-F8BFEAB2F444}.Release|amd64.Build.0 = Release|amd64
		{F41A7FB4-3239-4B8B-B590-F8BFEAB2F444}.Release|Any CPU.ActiveCfg = Release|Any CPU
		{F41A7FB4-3239-4B8B-B590-F8BFEAB2F444}.Release|Any CPU.Build.0 = Release|Any CPU
		{F41A7FB4-3239-4B8B-B590-F8BFEAB2F444}.Release|ARM.ActiveCfg = Release|Any CPU
		{F41A7FB4-3239-4B8B-B590-F8BFEAB2F444}.Release|Itanium.ActiveCfg = Release|Itanium
		{F41A7FB4-3239-4B8B-B590-F8BFEAB2F444}.Release|Itanium.Build.0 = Release|Itanium
		{F41A7FB4-3239-4B8B-B590-F8BFEAB2F444}.Release|Win32.ActiveCfg = Release|Win32
		{F41A7FB4-3239-4B8B-B590-F8BFEAB2F444}.Release|Win32.Build.0 = Release|Win32
		{F41A7FB4-3239-4B8B-B590-F8BFEAB2F444}.Release|x64.ActiveCfg = Release|x64
		{F41A7FB4-3239-4B8B-B590-F8BFEAB2F444}.Release|x64.Build.0 = Release|x64
		{F41A7FB4-3239-4B8B-B590-F8BFEAB2F444}.Release|x86.ActiveCfg = Release|x86
		{F41A7FB4-3239-4B8B-B590-F8BFEAB2F444}.Release|x86.Build.0 = Release|x86
		{8A49D07B-3EEA-4F63-8213-D20575796BD9}.Debug|amd64.ActiveCfg = Debug|amd64
		{8A49D07B-3EEA-4F63-8213-D20575796BD9}.Debug|amd64.Build.0 = Debug|amd64
		{8A49D07B-3EEA-4F63-8213-D20575796BD9}.Debug|Any CPU.ActiveCfg = Debug|Any CPU
		{8A49D07B-3EEA-4F63-8213-D20575796BD9}.Debug|Any CPU.Build.0 = Debug|Any CPU
		{8A49D07B-3EEA-4F63-8213-D20575796BD9}.Debug|ARM.ActiveCfg = Debug|Any CPU
		{8A49D07B-3EEA-4F63-8213-D20575796BD9}.Debug|Itanium.ActiveCfg = Debug|Itanium
		{8A49D07B-3EEA-4F63-8213-D20575796BD9}.Debug|Itanium.Build.0 = Debug|Itanium
		{8A49D07B-3EEA-4F63-8213-D20575796BD9}.Debug|Win32.ActiveCfg = Debug|Win32
		{8A49D07B-3EEA-4F63-8213-D20575796BD9}.Debug|Win32.Build.0 = Debug|Win32
		{8A49D07B-3EEA-4F63-8213-D20575796BD9}.Debug|x64.ActiveCfg = Debug|x64
		{8A49D07B-3EEA-4F63-8213-D20575796BD9}.Debug|x64.Build.0 = Debug|x64
		{8A49D07B-3EEA-4F63-8213-D20575796BD9}.Debug|x86.ActiveCfg = Debug|x86
		{8A49D07B-3EEA-4F63-8213-D20575796BD9}.Debug|x86.Build.0 = Debug|x86
		{8A49D07B-3EEA-4F63-8213-D20575796BD9}.Release|amd64.ActiveCfg = Release|amd64
		{8A49D07B-3EEA-4F63-8213-D20575796BD9}.Release|amd64.Build.0 = Release|amd64
		{8A49D07B-3EEA-4F63-8213-D20575796BD9}.Release|Any CPU.ActiveCfg = Release|Any CPU
		{8A49D07B-3EEA-4F63-8213-D20575796BD9}.Release|Any CPU.Build.0 = Release|Any CPU
		{8A49D07B-3EEA-4F63-8213-D20575796BD9}.Release|ARM.ActiveCfg = Release|Any CPU
		{8A49D07B-3EEA-4F63-8213-D20575796BD9}.Release|Itanium.ActiveCfg = Release|Itanium
		{8A49D07B-3EEA-4F63-8213-D20575796BD9}.Release|Itanium.Build.0 = Release|Itanium
		{8A49D07B-3EEA-4F63-8213-D20575796BD9}.Release|Win32.ActiveCfg = Release|Win32
		{8A49D07B-3EEA-4F63-8213-D20575796BD9}.Release|Win32.Build.0 = Release|Win32
		{8A49D07B-3EEA-4F63-8213-D20575796BD9}.Release|x64.ActiveCfg = Release|x64
		{8A49D07B-3EEA-4F63-8213-D20575796BD9}.Release|x64.Build.0 = Release|x64
		{8A49D07B-3EEA-4F63-8213-D20575796BD9}.Release|x86.ActiveCfg = Release|x86
		{8A49D07B-3EEA-4F63-8213-D20575796BD9}.Release|x86.Build.0 = Release|x86
		{7EC28EFA-B156-49A5-A1EF-646B9C954A3A}.Debug|amd64.ActiveCfg = Debug|Win32
		{7EC28EFA-B156-49A5-A1EF-646B9C954A3A}.Debug|Any CPU.ActiveCfg = Debug|Win32
		{7EC28EFA-B156-49A5-A1EF-646B9C954A3A}.Debug|ARM.ActiveCfg = Debug|ARM
		{7EC28EFA-B156-49A5-A1EF-646B9C954A3A}.Debug|ARM.Build.0 = Debug|ARM
		{7EC28EFA-B156-49A5-A1EF-646B9C954A3A}.Debug|Itanium.ActiveCfg = Debug|Win32
		{7EC28EFA-B156-49A5-A1EF-646B9C954A3A}.Debug|Win32.ActiveCfg = Debug|Win32
		{7EC28EFA-B156-49A5-A1EF-646B9C954A3A}.Debug|Win32.Build.0 = Debug|Win32
		{7EC28EFA-B156-49A5-A1EF-646B9C954A3A}.Debug|x64.ActiveCfg = Debug|x64
		{7EC28EFA-B156-49A5-A1EF-646B9C954A3A}.Debug|x64.Build.0 = Debug|x64
		{7EC28EFA-B156-49A5-A1EF-646B9C954A3A}.Debug|x86.ActiveCfg = Debug|Win32
		{7EC28EFA-B156-49A5-A1EF-646B9C954A3A}.Debug|x86.Build.0 = Debug|Win32
		{7EC28EFA-B156-49A5-A1EF-646B9C954A3A}.Release|amd64.ActiveCfg = Release|Win32
		{7EC28EFA-B156-49A5-A1EF-646B9C954A3A}.Release|Any CPU.ActiveCfg = Release|Win32
		{7EC28EFA-B156-49A5-A1EF-646B9C954A3A}.Release|ARM.ActiveCfg = Release|ARM
		{7EC28EFA-B156-49A5-A1EF-646B9C954A3A}.Release|ARM.Build.0 = Release|ARM
		{7EC28EFA-B156-49A5-A1EF-646B9C954A3A}.Release|Itanium.ActiveCfg = Release|Win32
		{7EC28EFA-B156-49A5-A1EF-646B9C954A3A}.Release|Win32.ActiveCfg = Release|Win32
		{7EC28EFA-B156-49A5-A1EF-646B9C954A3A}.Release|Win32.Build.0 = Release|Win32
		{7EC28EFA-B156-49A5-A1EF-646B9C954A3A}.Release|x64.ActiveCfg = Release|x64
		{7EC28EFA-B156-49A5-A1EF-646B9C954A3A}.Release|x64.Build.0 = Release|x64
		{7EC28EFA-B156-49A5-A1EF-646B9C954A3A}.Release|x86.ActiveCfg = Release|Win32
		{7EC28EFA-B156-49A5-A1EF-646B9C954A3A}.Release|x86.Build.0 = Release|Win32
		{A8B9C539-ADC0-49C3-9780-DFB975A8419B}.Debug|amd64.ActiveCfg = Debug|Win32
		{A8B9C539-ADC0-49C3-9780-DFB975A8419B}.Debug|Any CPU.ActiveCfg = Debug|Win32
		{A8B9C539-ADC0-49C3-9780-DFB975A8419B}.Debug|ARM.ActiveCfg = Debug|ARM
		{A8B9C539-ADC0-49C3-9780-DFB975A8419B}.Debug|ARM.Build.0 = Debug|ARM
		{A8B9C539-ADC0-49C3-9780-DFB975A8419B}.Debug|Itanium.ActiveCfg = Debug|Win32
		{A8B9C539-ADC0-49C3-9780-DFB975A8419B}.Debug|Win32.ActiveCfg = Debug|Win32
		{A8B9C539-ADC0-49C3-9780-DFB975A8419B}.Debug|Win32.Build.0 = Debug|Win32
		{A8B9C539-ADC0-49C3-9780-DFB975A8419B}.Debug|x64.ActiveCfg = Debug|x64
		{A8B9C539-ADC0-49C3-9780-DFB975A8419B}.Debug|x64.Build.0 = Debug|x64
		{A8B9C539-ADC0-49C3-9780-DFB975A8419B}.Debug|x86.ActiveCfg = Debug|Win32
		{A8B9C539-ADC0-49C3-9780-DFB975A8419B}.Debug|x86.Build.0 = Debug|Win32
		{A8B9C539-ADC0-49C3-9780-DFB975A8419B}.Release|amd64.ActiveCfg = Release|Win32
		{A8B9C539-ADC0-49C3-9780-DFB975A8419B}.Release|Any CPU.ActiveCfg = Release|Win32
		{A8B9C539-ADC0-49C3-9780-DFB975A8419B}.Release|ARM.ActiveCfg = Release|ARM
		{A8B9C539-ADC0-49C3-9780-DFB975A8419B}.Release|ARM.Build.0 = Release|ARM
		{A8B9C539-ADC0-49C3-9780-DFB975A8419B}.Release|Itanium.ActiveCfg = Release|Win32
		{A8B9C539-ADC0-49C3-9780-DFB975A8419B}.Release|Win32.ActiveCfg = Release|Win32
		{A8B9C539-ADC0-49C3-9780-DFB975A8419B}.Release|Win32.Build.0 = Release|Win32
		{A8B9C539-ADC0-49C3-9780-DFB975A8419B}.Release|x64.ActiveCfg = Release|x64
		{A8B9C539-ADC0-49C3-9780-DFB975A8419B}.Release|x64.Build.0 = Release|x64
		{A8B9C539-ADC0-49C3-9780-DFB975A8419B}.Release|x86.ActiveCfg = Release|Win32
		{A8B9C539-ADC0-49C3-9780-DFB975A8419B}.Release|x86.Build.0 = Release|Win32
		{E3F84858-2B94-41F1-86F4-1D092468CA73}.Debug|amd64.ActiveCfg = Debug|Win32
		{E3F84858-2B94-41F1-86F4-1D092468CA73}.Debug|Any CPU.ActiveCfg = Debug|Win32
		{E3F84858-2B94-41F1-86F4-1D092468CA73}.Debug|ARM.ActiveCfg = Debug|ARM
		{E3F84858-2B94-41F1-86F4-1D092468CA73}.Debug|ARM.Build.0 = Debug|ARM
		{E3F84858-2B94-41F1-86F4-1D092468CA73}.Debug|Itanium.ActiveCfg = Debug|Win32
		{E3F84858-2B94-41F1-86F4-1D092468CA73}.Debug|Win32.ActiveCfg = Debug|Win32
		{E3F84858-2B94-41F1-86F4-1D092468CA73}.Debug|Win32.Build.0 = Debug|Win32
		{E3F84858-2B94-41F1-86F4-1D092468CA73}.Debug|x64.ActiveCfg = Debug|x64
		{E3F84858-2B94-41F1-86F4-1D092468CA73}.Debug|x64.Build.0 = Debug|x64
		{E3F84858-2B94-41F1-86F4-1D092468CA73}.Debug|x86.ActiveCfg = Debug|Win32
		{E3F84858-2B94-41F1-86F4-1D092468CA73}.Debug|x86.Build.0 = Debug|Win32
		{E3F84858-2B94-41F1-86F4-1D092468CA73}.Release|amd64.ActiveCfg = Release|Win32
		{E3F84858-2B94-41F1-86F4-1D092468CA73}.Release|Any CPU.ActiveCfg = Release|Win32
		{E3F84858-2B94-41F1-86F4-1D092468CA73}.Release|ARM.ActiveCfg = Release|ARM
		{E3F84858-2B94-41F1-86F4-1D092468CA73}.Release|ARM.Build.0 = Release|ARM
		{E3F84858-2B94-41F1-86F4-1D092468CA73}.Release|Itanium.ActiveCfg = Release|Win32
		{E3F84858-2B94-41F1-86F4-1D092468CA73}.Release|Win32.ActiveCfg = Release|Win32
		{E3F84858-2B94-41F1-86F4-1D092468CA73}.Release|Win32.Build.0 = Release|Win32
		{E3F84858-2B94-41F1-86F4-1D092468CA73}.Release|x64.ActiveCfg = Release|x64
		{E3F84858-2B94-41F1-86F4-1D092468CA73}.Release|x64.Build.0 = Release|x64
		{E3F84858-2B94-41F1-86F4-1D092468CA73}.Release|x86.ActiveCfg = Release|Win32
		{E3F84858-2B94-41F1-86F4-1D092468CA73}.Release|x86.Build.0 = Release|Win32
		{B119FB63-68A7-40FB-856E-781CA4483CF3}.Debug|amd64.ActiveCfg = Debug|Win32
		{B119FB63-68A7-40FB-856E-781CA4483CF3}.Debug|Any CPU.ActiveCfg = Debug|Win32
		{B119FB63-68A7-40FB-856E-781CA4483CF3}.Debug|ARM.ActiveCfg = Debug|ARM
		{B119FB63-68A7-40FB-856E-781CA4483CF3}.Debug|ARM.Build.0 = Debug|ARM
		{B119FB63-68A7-40FB-856E-781CA4483CF3}.Debug|Itanium.ActiveCfg = Debug|Win32
		{B119FB63-68A7-40FB-856E-781CA4483CF3}.Debug|Win32.ActiveCfg = Debug|Win32
		{B119FB63-68A7-40FB-856E-781CA4483CF3}.Debug|Win32.Build.0 = Debug|Win32
		{B119FB63-68A7-40FB-856E-781CA4483CF3}.Debug|x64.ActiveCfg = Debug|x64
		{B119FB63-68A7-40FB-856E-781CA4483CF3}.Debug|x64.Build.0 = Debug|x64
		{B119FB63-68A7-40FB-856E-781CA4483CF3}.Debug|x86.ActiveCfg = Debug|Win32
		{B119FB63-68A7-40FB-856E-781CA4483CF3}.Debug|x86.Build.0 = Debug|Win32
		{B119FB63-68A7-40FB-856E-781CA4483CF3}.Release|amd64.ActiveCfg = Release|Win32
		{B119FB63-68A7-40FB-856E-781CA4483CF3}.Release|Any CPU.ActiveCfg = Release|Win32
		{B119FB63-68A7-40FB-856E-781CA4483CF3}.Release|ARM.ActiveCfg = Release|ARM
		{B119FB63-68A7-40FB-856E-781CA4483CF3}.Release|ARM.Build.0 = Release|ARM
		{B119FB63-68A7-40FB-856E-781CA4483CF3}.Release|Itanium.ActiveCfg = Release|Win32
		{B119FB63-68A7-40FB-856E-781CA4483CF3}.Release|Win32.ActiveCfg = Release|Win32
		{B119FB63-68A7-40FB-856E-781CA4483CF3}.Release|Win32.Build.0 = Release|Win32
		{B119FB63-68A7-40FB-856E-781CA4483CF3}.Release|x64.ActiveCfg = Release|x64
		{B119FB63-68A7-40FB-856E-781CA4483CF3}.Release|x64.Build.0 = Release|x64
		{B119FB63-68A7-40FB-856E-781CA4483CF3}.Release|x86.ActiveCfg = Release|Win32
		{B119FB63-68A7-40FB-856E-781CA4483CF3}.Release|x86.Build.0 = Release|Win32
		{DAC80593-F046-4E99-8F82-5B8F8DA6B10F}.Debug|amd64.ActiveCfg = Debug|Win32
		{DAC80593-F046-4E99-8F82-5B8F8DA6B10F}.Debug|Any CPU.ActiveCfg = Debug|Win32
		{DAC80593-F046-4E99-8F82-5B8F8DA6B10F}.Debug|ARM.ActiveCfg = Debug|ARM
		{DAC80593-F046-4E99-8F82-5B8F8DA6B10F}.Debug|ARM.Build.0 = Debug|ARM
		{DAC80593-F046-4E99-8F82-5B8F8DA6B10F}.Debug|Itanium.ActiveCfg = Debug|Win32
		{DAC80593-F046-4E99-8F82-5B8F8DA6B10F}.Debug|Win32.ActiveCfg = Debug|Win32
		{DAC80593-F046-4E99-8F82-5B8F8DA6B10F}.Debug|Win32.Build.0 = Debug|Win32
		{DAC80593-F046-4E99-8F82-5B8F8DA6B10F}.Debug|x64.ActiveCfg = Debug|x64
		{DAC80593-F046-4E99-8F82-5B8F8DA6B10F}.Debug|x64.Build.0 = Debug|x64
		{DAC80593-F046-4E99-8F82-5B8F8DA6B10F}.Debug|x86.ActiveCfg = Debug|Win32
		{DAC80593-F046-4E99-8F82-5B8F8DA6B10F}.Debug|x86.Build.0 = Debug|Win32
		{DAC80593-F046-4E99-8F82-5B8F8DA6B10F}.Release|amd64.ActiveCfg = Release|Win32
		{DAC80593-F046-4E99-8F82-5B8F8DA6B10F}.Release|Any CPU.ActiveCfg = Release|Win32
		{DAC80593-F046-4E99-8F82-5B8F8DA6B10F}.Release|ARM.ActiveCfg = Release|ARM
		{DAC80593-F046-4E99-8F82-5B8F8DA6B10F}.Release|ARM.Build.0 = Release|ARM
		{DAC80593-F046-4E99-8F82-5B8F8DA6B10F}.Release|Itanium.ActiveCfg = Release|Win32
		{DAC80593-F046-4E99-8F82-5B8F8DA6B10F}.Release|Win32.ActiveCfg = Release|Win32
		{DAC80593-F046-4E99-8F82-5B8F8DA6B10F}.Release|Win32.Build.0 = Release|Win32
		{DAC80593-F046-4E99-8F82-5B8F8DA6B10F}.Release|x64.ActiveCfg = Release|x64
		{DAC80593-F046-4E99-8F82-5B8F8DA6B10F}.Release|x64.Build.0 = Release|x64
		{DAC80593-F046-4E99-8F82-5B8F8DA6B10F}.Release|x86.ActiveCfg = Release|Win32
		{DAC80593-F046-4E99-8F82-5B8F8DA6B10F}.Release|x86.Build.0 = Release|Win32
		{A8B9C539-ADC0-49C3-9780-DFB975A82222}.Debug|amd64.ActiveCfg = Debug|Win32
		{A8B9C539-ADC0-49C3-9780-DFB975A82222}.Debug|Any CPU.ActiveCfg = Debug|Win32
		{A8B9C539-ADC0-49C3-9780-DFB975A82222}.Debug|ARM.ActiveCfg = Debug|ARM
		{A8B9C539-ADC0-49C3-9780-DFB975A82222}.Debug|ARM.Build.0 = Debug|ARM
		{A8B9C539-ADC0-49C3-9780-DFB975A82222}.Debug|Itanium.ActiveCfg = Debug|Win32
		{A8B9C539-ADC0-49C3-9780-DFB975A82222}.Debug|Win32.ActiveCfg = Debug|Win32
		{A8B9C539-ADC0-49C3-9780-DFB975A82222}.Debug|Win32.Build.0 = Debug|Win32
		{A8B9C539-ADC0-49C3-9780-DFB975A82222}.Debug|x64.ActiveCfg = Debug|x64
		{A8B9C539-ADC0-49C3-9780-DFB975A82222}.Debug|x64.Build.0 = Debug|x64
		{A8B9C539-ADC0-49C3-9780-DFB975A82222}.Debug|x86.ActiveCfg = Debug|Win32
		{A8B9C539-ADC0-49C3-9780-DFB975A82222}.Debug|x86.Build.0 = Debug|Win32
		{A8B9C539-ADC0-49C3-9780-DFB975A82222}.Release|amd64.ActiveCfg = Release|Win32
		{A8B9C539-ADC0-49C3-9780-DFB975A82222}.Release|Any CPU.ActiveCfg = Release|Win32
		{A8B9C539-ADC0-49C3-9780-DFB975A82222}.Release|ARM.ActiveCfg = Release|ARM
		{A8B9C539-ADC0-49C3-9780-DFB975A82222}.Release|ARM.Build.0 = Release|ARM
		{A8B9C539-ADC0-49C3-9780-DFB975A82222}.Release|Itanium.ActiveCfg = Release|Win32
		{A8B9C539-ADC0-49C3-9780-DFB975A82222}.Release|Win32.ActiveCfg = Release|Win32
		{A8B9C539-ADC0-49C3-9780-DFB975A82222}.Release|Win32.Build.0 = Release|Win32
		{A8B9C539-ADC0-49C3-9780-DFB975A82222}.Release|x64.ActiveCfg = Release|x64
		{A8B9C539-ADC0-49C3-9780-DFB975A82222}.Release|x64.Build.0 = Release|x64
		{A8B9C539-ADC0-49C3-9780-DFB975A82222}.Release|x86.ActiveCfg = Release|Win32
		{A8B9C539-ADC0-49C3-9780-DFB975A82222}.Release|x86.Build.0 = Release|Win32
	EndGlobalSection
	GlobalSection(SolutionProperties) = preSolution
		HideSolutionNode = FALSE
	EndGlobalSection
EndGlobal
